golang.org/x/mod v0.9.0 h1:KENHtAZL2y3NLMYZeHY9DW8HW8V+kQyJsY/V9JlKvCs=
golang.org/x/mod v0.9.0/go.mod h1:iBbtSCu2XBx23ZKBPSOrRkjjQPZFPuis4dIYUhu/chs=
tekao.net/jnigi v0.0.0-20201212091834-f7b899046676 h1:ZEkhDs0eKEynaUD1XX/WnQCD5/zoEUyMkDx5DbvVq7g=
tekao.net/jnigi v0.0.0-20201212091834-f7b899046676/go.mod h1:SmVvXetJ8N0ov5c2eOC+IxmkdYGEyuXghTuBq5HWZ/Y=
